{
  "name": "events-sdk",
  "version": "1.0.0",
  "lockfileVersion": 3,
  "requires": true,
  "packages": {
    "": {
      "name": "events-sdk",
      "version": "1.0.0",
      "license": "MIT",
      "dependencies": {
        "events-sdk": "github:UniversalSDK/events-sdk#main"
      }
    },
    "node_modules/events-sdk": {
      "version": "1.0.0",
      "resolved": "git+ssh://git@github.com/UniversalSDK/events-sdk.git#81941b13beed16b0ed837bf8c244ca1d16760d58",
      "license": "MIT"
    }
  }
}
